
Microsoft Visual Studio Solution File, Format Version 12.00
# Visual Studio Version 16
VisualStudioVersion = 16.0.32630.194
MinimumVisualStudioVersion = 10.0.40219.1
Project("{FAE04EC0-301F-11D3-BF4B-00C04F79EFBC}") = "CharityMS", "CharityMS.csproj", "{C601360F-6DC4-45A7-8F25-BCF0BDC01ACB}"
EndProject
Global
	GlobalSection(SolutionConfigurationPlatforms) = preSolution
		Debug|Any CPU = Debug|Any CPU
		Release|Any CPU = Release|Any CPU
	EndGlobalSection
	GlobalSection(ProjectConfigurationPlatforms) = postSolution
		{C601360F-6DC4-45A7-8F25-BCF0BDC01ACB}.Debug|Any CPU.ActiveCfg = Debug|Any CPU
		{C601360F-6DC4-45A7-8F25-BCF0BDC01ACB}.Debug|Any CPU.Build.0 = Debug|Any CPU
		{C601360F-6DC4-45A7-8F25-BCF0BDC01ACB}.Release|Any CPU.ActiveCfg = Release|Any CPU
		{C601360F-6DC4-45A7-8F25-BCF0BDC01ACB}.Release|Any CPU.Build.0 = Release|Any CPU
	EndGlobalSection
	GlobalSection(SolutionProperties) = preSolution
		HideSolutionNode = FALSE
	EndGlobalSection
	GlobalSection(ExtensibilityGlobals) = postSolution
		SolutionGuid = {AC9C5F63-1D59-4163-8CCE-120416AB17DD}
	EndGlobalSection
EndGlobal
